<?xml version="1.0" encoding="utf-8"?>
<Project ToolsVersion="4.0" xmlns="http://schemas.microsoft.com/developer/msbuild/2003">
  <ItemGroup>
    <Filter Include="Core">
      <UniqueIdentifier>{1c75a2da-2d34-4992-a88d-1a92d2c96685}</UniqueIdentifier>
    </Filter>
    <Filter Include="Skeleton">
      <UniqueIdentifier>{dd377d03-fce0-4085-b19c-765a897e895e}</UniqueIdentifier>
    </Filter>
  </ItemGroup>
  <ItemGroup>
    <ClCompile Include="..\Jolt\Skeleton\Skeleton.cpp">
      <Filter>Skeleton</Filter>
    </ClCompile>
    <ClCompile Include="..\Jolt\Core\IssueReporting.cpp">
      <Filter>Core</Filter>
    </ClCompile>
    <ClCompile Include="..\Jolt\Core\Memory.cpp">
      <Filter>Core</Filter>
    </ClCompile>
    <ClCompile Include="..\Jolt\Skeleton\SkeletonPose.cpp">
      <Filter>Skeleton</Filter>
    </ClCompile>
    <ClCompile Include="..\Jolt\Skeleton\SkeletonMapper.cpp">
      <Filter>Skeleton</Filter>
    </ClCompile>
  </ItemGroup>
</Project>